
Microsoft Visual Studio Solution File, Format Version 12.00
# Visual Studio Version 17
VisualStudioVersion = 17.4.33213.308
MinimumVisualStudioVersion = 10.0.40219.1
Project("{9A19103F-16F7-4668-BE54-9A1E7A4F7556}") = "GUI", "ProyectoIITrim_GabrielMartinezCamareno11E\GUI.csproj", "{D0EE5FE2-3E1F-4870-98BB-25FD6C2EAE56}"
EndProject
Project("{9A19103F-16F7-4668-BE54-9A1E7A4F7556}") = "BL", "BL\BL.csproj", "{37298807-02A5-4C6E-A16B-7068A2BE3378}"
EndProject
Project("{9A19103F-16F7-4668-BE54-9A1E7A4F7556}") = "ET", "ET\ET.csproj", "{E1788466-8EEB-4F2E-8898-7E494A08D0CA}"
EndProject
Project("{9A19103F-16F7-4668-BE54-9A1E7A4F7556}") = "DAL", "DAL\DAL.csproj", "{7842EEF1-877B-458B-ADF7-72EAA4957CE8}"
EndProject
Project("{FAE04EC0-301F-11D3-BF4B-00C04F79EFBC}") = "WEB", "WEB\WEB.csproj", "{D7552D68-27A7-426F-987F-58FC6782441E}"
EndProject
Global
	GlobalSection(SolutionConfigurationPlatforms) = preSolution
		Debug|Any CPU = Debug|Any CPU
		Release|Any CPU = Release|Any CPU
	EndGlobalSection
	GlobalSection(ProjectConfigurationPlatforms) = postSolution
		{D0EE5FE2-3E1F-4870-98BB-25FD6C2EAE56}.Debug|Any CPU.ActiveCfg = Debug|Any CPU
		{D0EE5FE2-3E1F-4870-98BB-25FD6C2EAE56}.Debug|Any CPU.Build.0 = Debug|Any CPU
		{D0EE5FE2-3E1F-4870-98BB-25FD6C2EAE56}.Release|Any CPU.ActiveCfg = Release|Any CPU
		{D0EE5FE2-3E1F-4870-98BB-25FD6C2EAE56}.Release|Any CPU.Build.0 = Release|Any CPU
		{37298807-02A5-4C6E-A16B-7068A2BE3378}.Debug|Any CPU.ActiveCfg = Debug|Any CPU
		{37298807-02A5-4C6E-A16B-7068A2BE3378}.Debug|Any CPU.Build.0 = Debug|Any CPU
		{37298807-02A5-4C6E-A16B-7068A2BE3378}.Release|Any CPU.ActiveCfg = Release|Any CPU
		{37298807-02A5-4C6E-A16B-7068A2BE3378}.Release|Any CPU.Build.0 = Release|Any CPU
		{E1788466-8EEB-4F2E-8898-7E494A08D0CA}.Debug|Any CPU.ActiveCfg = Debug|Any CPU
		{E1788466-8EEB-4F2E-8898-7E494A08D0CA}.Debug|Any CPU.Build.0 = Debug|Any CPU
		{E1788466-8EEB-4F2E-8898-7E494A08D0CA}.Release|Any CPU.ActiveCfg = Release|Any CPU
		{E1788466-8EEB-4F2E-8898-7E494A08D0CA}.Release|Any CPU.Build.0 = Release|Any CPU
		{7842EEF1-877B-458B-ADF7-72EAA4957CE8}.Debug|Any CPU.ActiveCfg = Debug|Any CPU
		{7842EEF1-877B-458B-ADF7-72EAA4957CE8}.Debug|Any CPU.Build.0 = Debug|Any CPU
		{7842EEF1-877B-458B-ADF7-72EAA4957CE8}.Release|Any CPU.ActiveCfg = Release|Any CPU
		{7842EEF1-877B-458B-ADF7-72EAA4957CE8}.Release|Any CPU.Build.0 = Release|Any CPU
		{D7552D68-27A7-426F-987F-58FC6782441E}.Debug|Any CPU.ActiveCfg = Debug|Any CPU
		{D7552D68-27A7-426F-987F-58FC6782441E}.Debug|Any CPU.Build.0 = Debug|Any CPU
		{D7552D68-27A7-426F-987F-58FC6782441E}.Release|Any CPU.ActiveCfg = Release|Any CPU
		{D7552D68-27A7-426F-987F-58FC6782441E}.Release|Any CPU.Build.0 = Release|Any CPU
	EndGlobalSection
	GlobalSection(SolutionProperties) = preSolution
		HideSolutionNode = FALSE
	EndGlobalSection
	GlobalSection(ExtensibilityGlobals) = postSolution
		SolutionGuid = {9706FDEE-50C8-43DD-A1A7-20F6E71311AD}
	EndGlobalSection
EndGlobal
